
Microsoft Visual Studio Solution File, Format Version 12.00
# Visual Studio Version 17
VisualStudioVersion = 17.0.32002.185
MinimumVisualStudioVersion = 10.0.40219.1
Project("{FAE04EC0-301F-11D3-BF4B-00C04F79EFBC}") = "ReplayManager", "ReplayManager\ReplayManager.csproj", "{DA542302-2D75-4303-BB7E-97022536C656}"
EndProject
Global
	GlobalSection(SolutionConfigurationPlatforms) = preSolution
		Debug|Any CPU = Debug|Any CPU
		Release|Any CPU = Release|Any CPU
	EndGlobalSection
	GlobalSection(ProjectConfigurationPlatforms) = postSolution
		{DA542302-2D75-4303-BB7E-97022536C656}.Debug|Any CPU.ActiveCfg = Debug|Any CPU
		{DA542302-2D75-4303-BB7E-97022536C656}.Debug|Any CPU.Build.0 = Debug|Any CPU
		{DA542302-2D75-4303-BB7E-97022536C656}.Release|Any CPU.ActiveCfg = Release|Any CPU
		{DA542302-2D75-4303-BB7E-97022536C656}.Release|Any CPU.Build.0 = Release|Any CPU
	EndGlobalSection
	GlobalSection(SolutionProperties) = preSolution
		HideSolutionNode = FALSE
	EndGlobalSection
	GlobalSection(ExtensibilityGlobals) = postSolution
		SolutionGuid = {EBE64C52-7514-4A7F-98B1-AFB05F58F85F}
	EndGlobalSection
EndGlobal
